
Microsoft Visual Studio Solution File, Format Version 12.00
# Visual Studio Version 16
VisualStudioVersion = 16.0.30804.86
MinimumVisualStudioVersion = 10.0.40219.1
Project("{FAE04EC0-301F-11D3-BF4B-00C04F79EFBC}") = "StringMan2.0_p", "StringMan2.0_p\StringMan2.0_p.csproj", "{F3BD6C74-43F4-4BFC-B4A1-BAD7BB59C1F4}"
EndProject
Global
	GlobalSection(SolutionConfigurationPlatforms) = preSolution
		Debug|Any CPU = Debug|Any CPU
		Release|Any CPU = Release|Any CPU
	EndGlobalSection
	GlobalSection(ProjectConfigurationPlatforms) = postSolution
		{F3BD6C74-43F4-4BFC-B4A1-BAD7BB59C1F4}.Debug|Any CPU.ActiveCfg = Debug|Any CPU
		{F3BD6C74-43F4-4BFC-B4A1-BAD7BB59C1F4}.Debug|Any CPU.Build.0 = Debug|Any CPU
		{F3BD6C74-43F4-4BFC-B4A1-BAD7BB59C1F4}.Release|Any CPU.ActiveCfg = Release|Any CPU
		{F3BD6C74-43F4-4BFC-B4A1-BAD7BB59C1F4}.Release|Any CPU.Build.0 = Release|Any CPU
	EndGlobalSection
	GlobalSection(SolutionProperties) = preSolution
		HideSolutionNode = FALSE
	EndGlobalSection
	GlobalSection(ExtensibilityGlobals) = postSolution
		SolutionGuid = {C03D245C-0BE2-45E1-A37E-5E416836C583}
	EndGlobalSection
EndGlobal
